
Microsoft Visual Studio Solution File, Format Version 12.00
# Visual Studio Version 16
VisualStudioVersion = 16.0.31321.278
MinimumVisualStudioVersion = 10.0.40219.1
Project("{FAE04EC0-301F-11D3-BF4B-00C04F79EFBC}") = "ESWEB", "ESWEB\ESWEB.csproj", "{86481E66-1C59-4FDF-8013-93D615611A45}"
EndProject
Global
	GlobalSection(SolutionConfigurationPlatforms) = preSolution
		Debug|Any CPU = Debug|Any CPU
		Release|Any CPU = Release|Any CPU
	EndGlobalSection
	GlobalSection(ProjectConfigurationPlatforms) = postSolution
		{86481E66-1C59-4FDF-8013-93D615611A45}.Debug|Any CPU.ActiveCfg = Debug|Any CPU
		{86481E66-1C59-4FDF-8013-93D615611A45}.Debug|Any CPU.Build.0 = Debug|Any CPU
		{86481E66-1C59-4FDF-8013-93D615611A45}.Release|Any CPU.ActiveCfg = Release|Any CPU
		{86481E66-1C59-4FDF-8013-93D615611A45}.Release|Any CPU.Build.0 = Release|Any CPU
	EndGlobalSection
	GlobalSection(SolutionProperties) = preSolution
		HideSolutionNode = FALSE
	EndGlobalSection
	GlobalSection(ExtensibilityGlobals) = postSolution
		SolutionGuid = {48DFC2A2-69B3-4C50-8E4A-413F4FE5E64D}
	EndGlobalSection
EndGlobal
